// !$*UTF8*$!
{
	archiveVersion = 1;
	classes = {
	};
	objectVersion = 46;
	objects = {

/* Begin PBXBuildFile section */
		0F2DBCA01DAD68CE0084AAD9 /* AppDelegate.swift in Sources */ = {isa = PBXBuildFile; fileRef = 0F2DBC9F1DAD68CE0084AAD9 /* AppDelegate.swift */; };
		0F2DBCA51DAD68CE0084AAD9 /* Main.storyboard in Resources */ = {isa = PBXBuildFile; fileRef = 0F2DBCA31DAD68CE0084AAD9 /* Main.storyboard */; };
		0F2DBCA71DAD68CE0084AAD9 /* Assets.xcassets in Resources */ = {isa = PBXBuildFile; fileRef = 0F2DBCA61DAD68CE0084AAD9 /* Assets.xcassets */; };
		0F2DBCAA1DAD68CE0084AAD9 /* LaunchScreen.storyboard in Resources */ = {isa = PBXBuildFile; fileRef = 0F2DBCA81DAD68CE0084AAD9 /* LaunchScreen.storyboard */; };
		0F2DBCB51DAD77C10084AAD9 /* SongModel.swift in Sources */ = {isa = PBXBuildFile; fileRef = 0F2DBCB41DAD77C10084AAD9 /* SongModel.swift */; };
		0F2DBCB81DAD79040084AAD9 /* StoreProtocol.swift in Sources */ = {isa = PBXBuildFile; fileRef = 0F2DBCB71DAD79040084AAD9 /* StoreProtocol.swift */; };
		0F2DBCD81DAD8BE50084AAD9 /* AlbumCoverCollection.swift in Sources */ = {isa = PBXBuildFile; fileRef = 0F2DBCD71DAD8BE50084AAD9 /* AlbumCoverCollection.swift */; };
		0F2DBCDA1DAD9ABE0084AAD9 /* AlbumModel.swift in Sources */ = {isa = PBXBuildFile; fileRef = 0F2DBCD91DAD9ABE0084AAD9 /* AlbumModel.swift */; };
		0F2DBCDC1DADB5910084AAD9 /* AlbumViewController.swift in Sources */ = {isa = PBXBuildFile; fileRef = 0F2DBCDB1DADB5910084AAD9 /* AlbumViewController.swift */; };
		0F2DBCDF1DAE488B0084AAD9 /* TopChartsViewController.swift in Sources */ = {isa = PBXBuildFile; fileRef = 0F2DBCDE1DAE488B0084AAD9 /* TopChartsViewController.swift */; };
		0F2DBCE21DAE4BCD0084AAD9 /* TopChartsTableViewCell.swift in Sources */ = {isa = PBXBuildFile; fileRef = 0F2DBCE11DAE4BCD0084AAD9 /* TopChartsTableViewCell.swift */; };
		0F2DBCE51DAE4FB00084AAD9 /* TopChartsController.swift in Sources */ = {isa = PBXBuildFile; fileRef = 0F2DBCE41DAE4FB00084AAD9 /* TopChartsController.swift */; };
		0F2DBCE71DAE5F8A0084AAD9 /* NetworkController.swift in Sources */ = {isa = PBXBuildFile; fileRef = 0F2DBCE61DAE5F8A0084AAD9 /* NetworkController.swift */; };
		0F2DBD0C1DAEAA5D0084AAD9 /* ImageController.swift in Sources */ = {isa = PBXBuildFile; fileRef = 0F2DBD0B1DAEAA5D0084AAD9 /* ImageController.swift */; };
/* End PBXBuildFile section */

/* Begin PBXFileReference section */
		0F2DBC9C1DAD68CE0084AAD9 /* DropMusic.app */ = {isa = PBXFileReference; explicitFileType = wrapper.application; includeInIndex = 0; path = DropMusic.app; sourceTree = BUILT_PRODUCTS_DIR; };
		0F2DBC9F1DAD68CE0084AAD9 /* AppDelegate.swift */ = {isa = PBXFileReference; lastKnownFileType = sourcecode.swift; path = AppDelegate.swift; sourceTree = "<group>"; };
		0F2DBCA41DAD68CE0084AAD9 /* Base */ = {isa = PBXFileReference; lastKnownFileType = file.storyboard; name = Base; path = Base.lproj/Main.storyboard; sourceTree = "<group>"; };
		0F2DBCA61DAD68CE0084AAD9 /* Assets.xcassets */ = {isa = PBXFileReference; lastKnownFileType = folder.assetcatalog; path = Assets.xcassets; sourceTree = "<group>"; };
		0F2DBCA91DAD68CE0084AAD9 /* Base */ = {isa = PBXFileReference; lastKnownFileType = file.storyboard; name = Base; path = Base.lproj/LaunchScreen.storyboard; sourceTree = "<group>"; };
		0F2DBCAB1DAD68CE0084AAD9 /* Info.plist */ = {isa = PBXFileReference; lastKnownFileType = text.plist.xml; path = Info.plist; sourceTree = "<group>"; };
		0F2DBCB41DAD77C10084AAD9 /* SongModel.swift */ = {isa = PBXFileReference; fileEncoding = 4; lastKnownFileType = sourcecode.swift; path = SongModel.swift; sourceTree = "<group>"; };
		0F2DBCB71DAD79040084AAD9 /* StoreProtocol.swift */ = {isa = PBXFileReference; fileEncoding = 4; lastKnownFileType = sourcecode.swift; path = StoreProtocol.swift; sourceTree = "<group>"; };
		0F2DBCD71DAD8BE50084AAD9 /* AlbumCoverCollection.swift */ = {isa = PBXFileReference; fileEncoding = 4; lastKnownFileType = sourcecode.swift; path = AlbumCoverCollection.swift; sourceTree = "<group>"; };
		0F2DBCD91DAD9ABE0084AAD9 /* AlbumModel.swift */ = {isa = PBXFileReference; fileEncoding = 4; lastKnownFileType = sourcecode.swift; path = AlbumModel.swift; sourceTree = "<group>"; };
		0F2DBCDB1DADB5910084AAD9 /* AlbumViewController.swift */ = {isa = PBXFileReference; fileEncoding = 4; lastKnownFileType = sourcecode.swift; path = AlbumViewController.swift; sourceTree = "<group>"; };
		0F2DBCDE1DAE488B0084AAD9 /* TopChartsViewController.swift */ = {isa = PBXFileReference; fileEncoding = 4; lastKnownFileType = sourcecode.swift; path = TopChartsViewController.swift; sourceTree = "<group>"; };
		0F2DBCE11DAE4BCD0084AAD9 /* TopChartsTableViewCell.swift */ = {isa = PBXFileReference; fileEncoding = 4; lastKnownFileType = sourcecode.swift; path = TopChartsTableViewCell.swift; sourceTree = "<group>"; };
		0F2DBCE41DAE4FB00084AAD9 /* TopChartsController.swift */ = {isa = PBXFileReference; fileEncoding = 4; lastKnownFileType = sourcecode.swift; path = TopChartsController.swift; sourceTree = "<group>"; };
		0F2DBCE61DAE5F8A0084AAD9 /* NetworkController.swift */ = {isa = PBXFileReference; fileEncoding = 4; lastKnownFileType = sourcecode.swift; path = NetworkController.swift; sourceTree = "<group>"; };
		0F2DBD0B1DAEAA5D0084AAD9 /* ImageController.swift */ = {isa = PBXFileReference; fileEncoding = 4; lastKnownFileType = sourcecode.swift; path = ImageController.swift; sourceTree = "<group>"; };
/* End PBXFileReference section */

/* Begin PBXFrameworksBuildPhase section */
		0F2DBC991DAD68CE0084AAD9 /* Frameworks */ = {
			isa = PBXFrameworksBuildPhase;
			buildActionMask = 2147483647;
			files = (
			);
			runOnlyForDeploymentPostprocessing = 0;
		};
/* End PBXFrameworksBuildPhase section */

/* Begin PBXGroup section */
		0F2DBC931DAD68CE0084AAD9 = {
			isa = PBXGroup;
			children = (
				0F2DBC9E1DAD68CE0084AAD9 /* DropMusic */,
				0F2DBC9D1DAD68CE0084AAD9 /* Products */,
			);
			sourceTree = "<group>";
		};
		0F2DBC9D1DAD68CE0084AAD9 /* Products */ = {
			isa = PBXGroup;
			children = (
				0F2DBC9C1DAD68CE0084AAD9 /* DropMusic.app */,
			);
			name = Products;
			sourceTree = "<group>";
		};
		0F2DBC9E1DAD68CE0084AAD9 /* DropMusic */ = {
			isa = PBXGroup;
			children = (
				0F2DBCB61DAD78E40084AAD9 /* Protocols */,
				0F2DBCB21DAD69C20084AAD9 /* View */,
				0F2DBCB31DAD6ACB0084AAD9 /* Model */,
				0F2DBCE31DAE4DF30084AAD9 /* Controllers */,
				0F2DBCB11DAD69B30084AAD9 /* Utilities */,
				0F2DBCDD1DADB5AD0084AAD9 /* ViewControllers */,
			);
			path = DropMusic;
			sourceTree = "<group>";
		};
		0F2DBCB11DAD69B30084AAD9 /* Utilities */ = {
			isa = PBXGroup;
			children = (
				0F2DBC9F1DAD68CE0084AAD9 /* AppDelegate.swift */,
				0F2DBCA61DAD68CE0084AAD9 /* Assets.xcassets */,
				0F2DBCA81DAD68CE0084AAD9 /* LaunchScreen.storyboard */,
				0F2DBCAB1DAD68CE0084AAD9 /* Info.plist */,
			);
			name = Utilities;
			sourceTree = "<group>";
		};
		0F2DBCB21DAD69C20084AAD9 /* View */ = {
			isa = PBXGroup;
			children = (
				0F2DBCA31DAD68CE0084AAD9 /* Main.storyboard */,
			);
			name = View;
			sourceTree = "<group>";
		};
		0F2DBCB31DAD6ACB0084AAD9 /* Model */ = {
			isa = PBXGroup;
			children = (
				0F2DBCD71DAD8BE50084AAD9 /* AlbumCoverCollection.swift */,
				0F2DBCB41DAD77C10084AAD9 /* SongModel.swift */,
				0F2DBCD91DAD9ABE0084AAD9 /* AlbumModel.swift */,
			);
			name = Model;
			sourceTree = "<group>";
		};
		0F2DBCB61DAD78E40084AAD9 /* Protocols */ = {
			isa = PBXGroup;
			children = (
				0F2DBCB71DAD79040084AAD9 /* StoreProtocol.swift */,
			);
			name = Protocols;
			sourceTree = "<group>";
		};
		0F2DBCDD1DADB5AD0084AAD9 /* ViewControllers */ = {
			isa = PBXGroup;
			children = (
				0F2DBCE01DAE4BA80084AAD9 /* Custom Cells */,
				0F2DBCDE1DAE488B0084AAD9 /* TopChartsViewController.swift */,
				0F2DBCDB1DADB5910084AAD9 /* AlbumViewController.swift */,
			);
			name = ViewControllers;
			sourceTree = "<group>";
		};
		0F2DBCE01DAE4BA80084AAD9 /* Custom Cells */ = {
			isa = PBXGroup;
			children = (
				0F2DBCE11DAE4BCD0084AAD9 /* TopChartsTableViewCell.swift */,
			);
			name = "Custom Cells";
			sourceTree = "<group>";
		};
		0F2DBCE31DAE4DF30084AAD9 /* Controllers */ = {
			isa = PBXGroup;
			children = (
				0F2DBCE41DAE4FB00084AAD9 /* TopChartsController.swift */,
				0F2DBCE61DAE5F8A0084AAD9 /* NetworkController.swift */,
				0F2DBD0B1DAEAA5D0084AAD9 /* ImageController.swift */,
			);
			name = Controllers;
			sourceTree = "<group>";
		};
/* End PBXGroup section */

/* Begin PBXNativeTarget section */
		0F2DBC9B1DAD68CE0084AAD9 /* DropMusic */ = {
			isa = PBXNativeTarget;
			buildConfigurationList = 0F2DBCAE1DAD68CE0084AAD9 /* Build configuration list for PBXNativeTarget "DropMusic" */;
			buildPhases = (
				0F2DBC981DAD68CE0084AAD9 /* Sources */,
				0F2DBC991DAD68CE0084AAD9 /* Frameworks */,
				0F2DBC9A1DAD68CE0084AAD9 /* Resources */,
			);
			buildRules = (
			);
			dependencies = (
			);
			name = DropMusic;
			productName = DropMusic;
			productReference = 0F2DBC9C1DAD68CE0084AAD9 /* DropMusic.app */;
			productType = "com.apple.product-type.application";
		};
/* End PBXNativeTarget section */

/* Begin PBXProject section */
		0F2DBC941DAD68CE0084AAD9 /* Project object */ = {
			isa = PBXProject;
			attributes = {
				LastSwiftUpdateCheck = 0800;
				LastUpgradeCheck = 0800;
				ORGANIZATIONNAME = "Angel Contreras";
				TargetAttributes = {
					0F2DBC9B1DAD68CE0084AAD9 = {
						CreatedOnToolsVersion = 8.0;
						DevelopmentTeam = GQMN9RP4XE;
						ProvisioningStyle = Automatic;
					};
				};
			};
			buildConfigurationList = 0F2DBC971DAD68CE0084AAD9 /* Build configuration list for PBXProject "DropMusic" */;
			compatibilityVersion = "Xcode 3.2";
			developmentRegion = English;
			hasScannedForEncodings = 0;
			knownRegions = (
				en,
				Base,
			);
			mainGroup = 0F2DBC931DAD68CE0084AAD9;
			productRefGroup = 0F2DBC9D1DAD68CE0084AAD9 /* Products */;
			projectDirPath = "";
			projectRoot = "";
			targets = (
				0F2DBC9B1DAD68CE0084AAD9 /* DropMusic */,
			);
		};
/* End PBXProject section */

/* Begin PBXResourcesBuildPhase section */
		0F2DBC9A1DAD68CE0084AAD9 /* Resources */ = {
			isa = PBXResourcesBuildPhase;
			buildActionMask = 2147483647;
			files = (
				0F2DBCAA1DAD68CE0084AAD9 /* LaunchScreen.storyboard in Resources */,
				0F2DBCA71DAD68CE0084AAD9 /* Assets.xcassets in Resources */,
				0F2DBCA51DAD68CE0084AAD9 /* Main.storyboard in Resources */,
			);
			runOnlyForDeploymentPostprocessing = 0;
		};
/* End PBXResourcesBuildPhase section */

/* Begin PBXSourcesBuildPhase section */
		0F2DBC981DAD68CE0084AAD9 /* Sources */ = {
			isa = PBXSourcesBuildPhase;
			buildActionMask = 2147483647;
			files = (
				0F2DBCE71DAE5F8A0084AAD9 /* NetworkController.swift in Sources */,
				0F2DBCDC1DADB5910084AAD9 /* AlbumViewController.swift in Sources */,
				0F2DBCE51DAE4FB00084AAD9 /* TopChartsController.swift in Sources */,
				0F2DBCDF1DAE488B0084AAD9 /* TopChartsViewController.swift in Sources */,
				0F2DBCE21DAE4BCD0084AAD9 /* TopChartsTableViewCell.swift in Sources */,
				0F2DBCB51DAD77C10084AAD9 /* SongModel.swift in Sources */,
				0F2DBD0C1DAEAA5D0084AAD9 /* ImageController.swift in Sources */,
				0F2DBCDA1DAD9ABE0084AAD9 /* AlbumModel.swift in Sources */,
				0F2DBCA01DAD68CE0084AAD9 /* AppDelegate.swift in Sources */,
				0F2DBCD81DAD8BE50084AAD9 /* AlbumCoverCollection.swift in Sources */,
				0F2DBCB81DAD79040084AAD9 /* StoreProtocol.swift in Sources */,
			);
			runOnlyForDeploymentPostprocessing = 0;
		};
/* End PBXSourcesBuildPhase section */

/* Begin PBXVariantGroup section */
		0F2DBCA31DAD68CE0084AAD9 /* Main.storyboard */ = {
			isa = PBXVariantGroup;
			children = (
				0F2DBCA41DAD68CE0084AAD9 /* Base */,
			);
			name = Main.storyboard;
			sourceTree = "<group>";
		};
		0F2DBCA81DAD68CE0084AAD9 /* LaunchScreen.storyboard */ = {
			isa = PBXVariantGroup;
			children = (
				0F2DBCA91DAD68CE0084AAD9 /* Base */,
			);
			name = LaunchScreen.storyboard;
			sourceTree = "<group>";
		};
/* End PBXVariantGroup section */

/* Begin XCBuildConfiguration section */
		0F2DBCAC1DAD68CE0084AAD9 /* Debug */ = {
			isa = XCBuildConfiguration;
			buildSettings = {
				ALWAYS_SEARCH_USER_PATHS = NO;
				CLANG_ANALYZER_NONNULL = YES;
				CLANG_CXX_LANGUAGE_STANDARD = "gnu++0x";
				CLANG_CXX_LIBRARY = "libc++";
				CLANG_ENABLE_MODULES = YES;
				CLANG_ENABLE_OBJC_ARC = YES;
				CLANG_WARN_BOOL_CONVERSION = YES;
				CLANG_WARN_CONSTANT_CONVERSION = YES;
				CLANG_WARN_DIRECT_OBJC_ISA_USAGE = YES_ERROR;
				CLANG_WARN_DOCUMENTATION_COMMENTS = YES;
				CLANG_WARN_EMPTY_BODY = YES;
				CLANG_WARN_ENUM_CONVERSION = YES;
				CLANG_WARN_INFINITE_RECURSION = YES;
				CLANG_WARN_INT_CONVERSION = YES;
				CLANG_WARN_OBJC_ROOT_CLASS = YES_ERROR;
				CLANG_WARN_SUSPICIOUS_MOVES = YES;
				CLANG_WARN_UNREACHABLE_CODE = YES;
				CLANG_WARN__DUPLICATE_METHOD_MATCH = YES;
				"CODE_SIGN_IDENTITY[sdk=iphoneos*]" = "iPhone Developer";
				COPY_PHASE_STRIP = NO;
				DEBUG_INFORMATION_FORMAT = dwarf;
				ENABLE_STRICT_OBJC_MSGSEND = YES;
				ENABLE_TESTABILITY = YES;
				GCC_C_LANGUAGE_STANDARD = gnu99;
				GCC_DYNAMIC_NO_PIC = NO;
				GCC_NO_COMMON_BLOCKS = YES;
				GCC_OPTIMIZATION_LEVEL = 0;
				GCC_PREPROCESSOR_DEFINITIONS = (
					"DEBUG=1",
					"$(inherited)",
				);
				GCC_WARN_64_TO_32_BIT_CONVERSION = YES;
				GCC_WARN_ABOUT_RETURN_TYPE = YES_ERROR;
				GCC_WARN_UNDECLARED_SELECTOR = YES;
				GCC_WARN_UNINITIALIZED_AUTOS = YES_AGGRESSIVE;
				GCC_WARN_UNUSED_FUNCTION = YES;
				GCC_WARN_UNUSED_VARIABLE = YES;
				IPHONEOS_DEPLOYMENT_TARGET = 10.0;
				MTL_ENABLE_DEBUG_INFO = YES;
				ONLY_ACTIVE_ARCH = YES;
				SDKROOT = iphoneos;
				SWIFT_ACTIVE_COMPILATION_CONDITIONS = DEBUG;
				SWIFT_OPTIMIZATION_LEVEL = "-Onone";
				TARGETED_DEVICE_FAMILY = "1,2";
			};
			name = Debug;
		};
		0F2DBCAD1DAD68CE0084AAD9 /* Release */ = {
			isa = XCBuildConfiguration;
			buildSettings = {
				ALWAYS_SEARCH_USER_PATHS = NO;
				CLANG_ANALYZER_NONNULL = YES;
				CLANG_CXX_LANGUAGE_STANDARD = "gnu++0x";
				CLANG_CXX_LIBRARY = "libc++";
				CLANG_ENABLE_MODULES = YES;
				CLANG_ENABLE_OBJC_ARC = YES;
				CLANG_WARN_BOOL_CONVERSION = YES;
				CLANG_WARN_CONSTANT_CONVERSION = YES;
				CLANG_WARN_DIRECT_OBJC_ISA_USAGE = YES_ERROR;
				CLANG_WARN_DOCUMENTATION_COMMENTS = YES;
				CLANG_WARN_EMPTY_BODY = YES;
				CLANG_WARN_ENUM_CONVERSION = YES;
				CLANG_WARN_INFINITE_RECURSION = YES;
				CLANG_WARN_INT_CONVERSION = YES;
				CLANG_WARN_OBJC_ROOT_CLASS = YES_ERROR;
				CLANG_WARN_SUSPICIOUS_MOVES = YES;
				CLANG_WARN_UNREACHABLE_CODE = YES;
				CLANG_WARN__DUPLICATE_METHOD_MATCH = YES;
				"CODE_SIGN_IDENTITY[sdk=iphoneos*]" = "iPhone Developer";
				COPY_PHASE_STRIP = NO;
				DEBUG_INFORMATION_FORMAT = "dwarf-with-dsym";
				ENABLE_NS_ASSERTIONS = NO;
				ENABLE_STRICT_OBJC_MSGSEND = YES;
				GCC_C_LANGUAGE_STANDARD = gnu99;
				GCC_NO_COMMON_BLOCKS = YES;
				GCC_WARN_64_TO_32_BIT_CONVERSION = YES;
				GCC_WARN_ABOUT_RETURN_TYPE = YES_ERROR;
				GCC_WARN_UNDECLARED_SELECTOR = YES;
				GCC_WARN_UNINITIALIZED_AUTOS = YES_AGGRESSIVE;
				GCC_WARN_UNUSED_FUNCTION = YES;
				GCC_WARN_UNUSED_VARIABLE = YES;
				IPHONEOS_DEPLOYMENT_TARGET = 10.0;
				MTL_ENABLE_DEBUG_INFO = NO;
				SDKROOT = iphoneos;
				SWIFT_OPTIMIZATION_LEVEL = "-Owholemodule";
				TARGETED_DEVICE_FAMILY = "1,2";
				VALIDATE_PRODUCT = YES;
			};
			name = Release;
		};
		0F2DBCAF1DAD68CE0084AAD9 /* Debug */ = {
			isa = XCBuildConfiguration;
			buildSettings = {
				ASSETCATALOG_COMPILER_APPICON_NAME = AppIcon;
				DEVELOPMENT_TEAM = GQMN9RP4XE;
				INFOPLIST_FILE = DropMusic/Info.plist;
				LD_RUNPATH_SEARCH_PATHS = "$(inherited) @executable_path/Frameworks";
				PRODUCT_BUNDLE_IDENTIFIER = com.AngelContreras.DropMusic;
				PRODUCT_NAME = "$(TARGET_NAME)";
				SWIFT_VERSION = 3.0;
			};
			name = Debug;
		};
		0F2DBCB01DAD68CE0084AAD9 /* Release */ = {
			isa = XCBuildConfiguration;
			buildSettings = {
				ASSETCATALOG_COMPILER_APPICON_NAME = AppIcon;
				DEVELOPMENT_TEAM = GQMN9RP4XE;
				INFOPLIST_FILE = DropMusic/Info.plist;
				LD_RUNPATH_SEARCH_PATHS = "$(inherited) @executable_path/Frameworks";
				PRODUCT_BUNDLE_IDENTIFIER = com.AngelContreras.DropMusic;
				PRODUCT_NAME = "$(TARGET_NAME)";
				SWIFT_VERSION = 3.0;
			};
			name = Release;
		};
/* End XCBuildConfiguration section */

/* Begin XCConfigurationList section */
		0F2DBC971DAD68CE0084AAD9 /* Build configuration list for PBXProject "DropMusic" */ = {
			isa = XCConfigurationList;
			buildConfigurations = (
				0F2DBCAC1DAD68CE0084AAD9 /* Debug */,
				0F2DBCAD1DAD68CE0084AAD9 /* Release */,
			);
			defaultConfigurationIsVisible = 0;
			defaultConfigurationName = Release;
		};
		0F2DBCAE1DAD68CE0084AAD9 /* Build configuration list for PBXNativeTarget "DropMusic" */ = {
			isa = XCConfigurationList;
			buildConfigurations = (
				0F2DBCAF1DAD68CE0084AAD9 /* Debug */,
				0F2DBCB01DAD68CE0084AAD9 /* Release */,
			);
			defaultConfigurationIsVisible = 0;
			defaultConfigurationName = Release;
		};
/* End XCConfigurationList section */
	};
	rootObject = 0F2DBC941DAD68CE0084AAD9 /* Project object */;
}
